// !$*UTF8*$!
{
	archiveVersion = 1;
	classes = {
	};
	objectVersion = 46;
	objects = {

/* Begin PBXBuildFile section */
		1D4BB84A19C7982100AB538B /* png.png in Resources */ = {isa = PBXBuildFile; fileRef = 1D4BB84919C7982100AB538B /* png.png */; };
		1D4BB85819C7994D00AB538B /* Contacts.swift in Sources */ = {isa = PBXBuildFile; fileRef = 1D4BB85719C7994D00AB538B /* Contacts.swift */; };
		1D4BB85A19C79DF900AB538B /* ContactDetails.swift in Sources */ = {isa = PBXBuildFile; fileRef = 1D4BB85919C79DF900AB538B /* ContactDetails.swift */; };
		1D6E312C19C8A1220024AC6D /* ContactInput.swift in Sources */ = {isa = PBXBuildFile; fileRef = 1D6E312B19C8A1220024AC6D /* ContactInput.swift */; };
		1DA9FFCF19C78F85002046B5 /* AppDelegate.swift in Sources */ = {isa = PBXBuildFile; fileRef = 1DA9FFCE19C78F85002046B5 /* AppDelegate.swift */; };
		1DA9FFD119C78F85002046B5 /* ViewController.swift in Sources */ = {isa = PBXBuildFile; fileRef = 1DA9FFD019C78F85002046B5 /* ViewController.swift */; };
		1DA9FFD419C78F85002046B5 /* Main.storyboard in Resources */ = {isa = PBXBuildFile; fileRef = 1DA9FFD219C78F85002046B5 /* Main.storyboard */; };
		1DA9FFD619C78F85002046B5 /* Images.xcassets in Resources */ = {isa = PBXBuildFile; fileRef = 1DA9FFD519C78F85002046B5 /* Images.xcassets */; };
		1DA9FFE219C78F86002046B5 /* ContactsTests.swift in Sources */ = {isa = PBXBuildFile; fileRef = 1DA9FFE119C78F86002046B5 /* ContactsTests.swift */; };
/* End PBXBuildFile section */

/* Begin PBXContainerItemProxy section */
		1DA9FFDC19C78F86002046B5 /* PBXContainerItemProxy */ = {
			isa = PBXContainerItemProxy;
			containerPortal = 1DA9FFC119C78F85002046B5 /* Project object */;
			proxyType = 1;
			remoteGlobalIDString = 1DA9FFC819C78F85002046B5;
			remoteInfo = Contacts;
		};
/* End PBXContainerItemProxy section */

/* Begin PBXFileReference section */
		1D4BB84919C7982100AB538B /* png.png */ = {isa = PBXFileReference; lastKnownFileType = image.png; name = png.png; path = ../../../../../png.png; sourceTree = "<group>"; };
		1D4BB85719C7994D00AB538B /* Contacts.swift */ = {isa = PBXFileReference; fileEncoding = 4; lastKnownFileType = sourcecode.swift; path = Contacts.swift; sourceTree = "<group>"; };
		1D4BB85919C79DF900AB538B /* ContactDetails.swift */ = {isa = PBXFileReference; fileEncoding = 4; lastKnownFileType = sourcecode.swift; path = ContactDetails.swift; sourceTree = "<group>"; };
		1D6E312B19C8A1220024AC6D /* ContactInput.swift */ = {isa = PBXFileReference; fileEncoding = 4; lastKnownFileType = sourcecode.swift; path = ContactInput.swift; sourceTree = "<group>"; };
		1DA9FFC919C78F85002046B5 /* Contacts.app */ = {isa = PBXFileReference; explicitFileType = wrapper.application; includeInIndex = 0; path = Contacts.app; sourceTree = BUILT_PRODUCTS_DIR; };
		1DA9FFCD19C78F85002046B5 /* Info.plist */ = {isa = PBXFileReference; lastKnownFileType = text.plist.xml; path = Info.plist; sourceTree = "<group>"; };
		1DA9FFCE19C78F85002046B5 /* AppDelegate.swift */ = {isa = PBXFileReference; lastKnownFileType = sourcecode.swift; path = AppDelegate.swift; sourceTree = "<group>"; };
		1DA9FFD019C78F85002046B5 /* ViewController.swift */ = {isa = PBXFileReference; lastKnownFileType = sourcecode.swift; path = ViewController.swift; sourceTree = "<group>"; };
		1DA9FFD319C78F85002046B5 /* Base */ = {isa = PBXFileReference; lastKnownFileType = file.storyboard; name = Base; path = Base.lproj/Main.storyboard; sourceTree = "<group>"; };
		1DA9FFD519C78F85002046B5 /* Images.xcassets */ = {isa = PBXFileReference; lastKnownFileType = folder.assetcatalog; path = Images.xcassets; sourceTree = "<group>"; };
		1DA9FFDB19C78F86002046B5 /* ContactsTests.xctest */ = {isa = PBXFileReference; explicitFileType = wrapper.cfbundle; includeInIndex = 0; path = ContactsTests.xctest; sourceTree = BUILT_PRODUCTS_DIR; };
		1DA9FFE019C78F86002046B5 /* Info.plist */ = {isa = PBXFileReference; lastKnownFileType = text.plist.xml; path = Info.plist; sourceTree = "<group>"; };
		1DA9FFE119C78F86002046B5 /* ContactsTests.swift */ = {isa = PBXFileReference; lastKnownFileType = sourcecode.swift; path = ContactsTests.swift; sourceTree = "<group>"; };
/* End PBXFileReference section */

/* Begin PBXFrameworksBuildPhase section */
		1DA9FFC619C78F85002046B5 /* Frameworks */ = {
			isa = PBXFrameworksBuildPhase;
			buildActionMask = 2147483647;
			files = (
			);
			runOnlyForDeploymentPostprocessing = 0;
		};
		1DA9FFD819C78F86002046B5 /* Frameworks */ = {
			isa = PBXFrameworksBuildPhase;
			buildActionMask = 2147483647;
			files = (
			);
			runOnlyForDeploymentPostprocessing = 0;
		};
/* End PBXFrameworksBuildPhase section */

/* Begin PBXGroup section */
		1DA9FFC019C78F85002046B5 = {
			isa = PBXGroup;
			children = (
				1DA9FFCB19C78F85002046B5 /* Contacts */,
				1DA9FFDE19C78F86002046B5 /* ContactsTests */,
				1DA9FFCA19C78F85002046B5 /* Products */,
			);
			sourceTree = "<group>";
		};
		1DA9FFCA19C78F85002046B5 /* Products */ = {
			isa = PBXGroup;
			children = (
				1DA9FFC919C78F85002046B5 /* Contacts.app */,
				1DA9FFDB19C78F86002046B5 /* ContactsTests.xctest */,
			);
			name = Products;
			sourceTree = "<group>";
		};
		1DA9FFCB19C78F85002046B5 /* Contacts */ = {
			isa = PBXGroup;
			children = (
				1DA9FFCE19C78F85002046B5 /* AppDelegate.swift */,
				1DA9FFD019C78F85002046B5 /* ViewController.swift */,
				1DA9FFD219C78F85002046B5 /* Main.storyboard */,
				1D6E312B19C8A1220024AC6D /* ContactInput.swift */,
				1D4BB85919C79DF900AB538B /* ContactDetails.swift */,
				1D4BB85719C7994D00AB538B /* Contacts.swift */,
				1D4BB84919C7982100AB538B /* png.png */,
				1DA9FFD519C78F85002046B5 /* Images.xcassets */,
				1DA9FFCC19C78F85002046B5 /* Supporting Files */,
			);
			path = Contacts;
			sourceTree = "<group>";
		};
		1DA9FFCC19C78F85002046B5 /* Supporting Files */ = {
			isa = PBXGroup;
			children = (
				1DA9FFCD19C78F85002046B5 /* Info.plist */,
			);
			name = "Supporting Files";
			sourceTree = "<group>";
		};
		1DA9FFDE19C78F86002046B5 /* ContactsTests */ = {
			isa = PBXGroup;
			children = (
				1DA9FFE119C78F86002046B5 /* ContactsTests.swift */,
				1DA9FFDF19C78F86002046B5 /* Supporting Files */,
			);
			path = ContactsTests;
			sourceTree = "<group>";
		};
		1DA9FFDF19C78F86002046B5 /* Supporting Files */ = {
			isa = PBXGroup;
			children = (
				1DA9FFE019C78F86002046B5 /* Info.plist */,
			);
			name = "Supporting Files";
			sourceTree = "<group>";
		};
/* End PBXGroup section */

/* Begin PBXNativeTarget section */
		1DA9FFC819C78F85002046B5 /* Contacts */ = {
			isa = PBXNativeTarget;
			buildConfigurationList = 1DA9FFE519C78F86002046B5 /* Build configuration list for PBXNativeTarget "Contacts" */;
			buildPhases = (
				1DA9FFC519C78F85002046B5 /* Sources */,
				1DA9FFC619C78F85002046B5 /* Frameworks */,
				1DA9FFC719C78F85002046B5 /* Resources */,
			);
			buildRules = (
			);
			dependencies = (
			);
			name = Contacts;
			productName = Contacts;
			productReference = 1DA9FFC919C78F85002046B5 /* Contacts.app */;
			productType = "com.apple.product-type.application";
		};
		1DA9FFDA19C78F86002046B5 /* ContactsTests */ = {
			isa = PBXNativeTarget;
			buildConfigurationList = 1DA9FFE819C78F86002046B5 /* Build configuration list for PBXNativeTarget "ContactsTests" */;
			buildPhases = (
				1DA9FFD719C78F86002046B5 /* Sources */,
				1DA9FFD819C78F86002046B5 /* Frameworks */,
				1DA9FFD919C78F86002046B5 /* Resources */,
			);
			buildRules = (
			);
			dependencies = (
				1DA9FFDD19C78F86002046B5 /* PBXTargetDependency */,
			);
			name = ContactsTests;
			productName = ContactsTests;
			productReference = 1DA9FFDB19C78F86002046B5 /* ContactsTests.xctest */;
			productType = "com.apple.product-type.bundle.unit-test";
		};
/* End PBXNativeTarget section */

/* Begin PBXProject section */
		1DA9FFC119C78F85002046B5 /* Project object */ = {
			isa = PBXProject;
			attributes = {
				LastUpgradeCheck = 0600;
				ORGANIZATIONNAME = Udell;
				TargetAttributes = {
					1DA9FFC819C78F85002046B5 = {
						CreatedOnToolsVersion = 6.0;
					};
					1DA9FFDA19C78F86002046B5 = {
						CreatedOnToolsVersion = 6.0;
						TestTargetID = 1DA9FFC819C78F85002046B5;
					};
				};
			};
			buildConfigurationList = 1DA9FFC419C78F85002046B5 /* Build configuration list for PBXProject "Contacts" */;
			compatibilityVersion = "Xcode 3.2";
			developmentRegion = English;
			hasScannedForEncodings = 0;
			knownRegions = (
				en,
				Base,
			);
			mainGroup = 1DA9FFC019C78F85002046B5;
			productRefGroup = 1DA9FFCA19C78F85002046B5 /* Products */;
			projectDirPath = "";
			projectRoot = "";
			targets = (
				1DA9FFC819C78F85002046B5 /* Contacts */,
				1DA9FFDA19C78F86002046B5 /* ContactsTests */,
			);
		};
/* End PBXProject section */

/* Begin PBXResourcesBuildPhase section */
		1DA9FFC719C78F85002046B5 /* Resources */ = {
			isa = PBXResourcesBuildPhase;
			buildActionMask = 2147483647;
			files = (
				1D4BB84A19C7982100AB538B /* png.png in Resources */,
				1DA9FFD419C78F85002046B5 /* Main.storyboard in Resources */,
				1DA9FFD619C78F85002046B5 /* Images.xcassets in Resources */,
			);
			runOnlyForDeploymentPostprocessing = 0;
		};
		1DA9FFD919C78F86002046B5 /* Resources */ = {
			isa = PBXResourcesBuildPhase;
			buildActionMask = 2147483647;
			files = (
			);
			runOnlyForDeploymentPostprocessing = 0;
		};
/* End PBXResourcesBuildPhase section */

/* Begin PBXSourcesBuildPhase section */
		1DA9FFC519C78F85002046B5 /* Sources */ = {
			isa = PBXSourcesBuildPhase;
			buildActionMask = 2147483647;
			files = (
				1DA9FFD119C78F85002046B5 /* ViewController.swift in Sources */,
				1D4BB85A19C79DF900AB538B /* ContactDetails.swift in Sources */,
				1D6E312C19C8A1220024AC6D /* ContactInput.swift in Sources */,
				1DA9FFCF19C78F85002046B5 /* AppDelegate.swift in Sources */,
				1D4BB85819C7994D00AB538B /* Contacts.swift in Sources */,
			);
			runOnlyForDeploymentPostprocessing = 0;
		};
		1DA9FFD719C78F86002046B5 /* Sources */ = {
			isa = PBXSourcesBuildPhase;
			buildActionMask = 2147483647;
			files = (
				1DA9FFE219C78F86002046B5 /* ContactsTests.swift in Sources */,
			);
			runOnlyForDeploymentPostprocessing = 0;
		};
/* End PBXSourcesBuildPhase section */

/* Begin PBXTargetDependency section */
		1DA9FFDD19C78F86002046B5 /* PBXTargetDependency */ = {
			isa = PBXTargetDependency;
			target = 1DA9FFC819C78F85002046B5 /* Contacts */;
			targetProxy = 1DA9FFDC19C78F86002046B5 /* PBXContainerItemProxy */;
		};
/* End PBXTargetDependency section */

/* Begin PBXVariantGroup section */
		1DA9FFD219C78F85002046B5 /* Main.storyboard */ = {
			isa = PBXVariantGroup;
			children = (
				1DA9FFD319C78F85002046B5 /* Base */,
			);
			name = Main.storyboard;
			sourceTree = "<group>";
		};
/* End PBXVariantGroup section */

/* Begin XCBuildConfiguration section */
		1DA9FFE319C78F86002046B5 /* Debug */ = {
			isa = XCBuildConfiguration;
			buildSettings = {
				ALWAYS_SEARCH_USER_PATHS = NO;
				CLANG_CXX_LANGUAGE_STANDARD = "gnu++0x";
				CLANG_CXX_LIBRARY = "libc++";
				CLANG_ENABLE_MODULES = YES;
				CLANG_ENABLE_OBJC_ARC = YES;
				CLANG_WARN_BOOL_CONVERSION = YES;
				CLANG_WARN_CONSTANT_CONVERSION = YES;
				CLANG_WARN_DIRECT_OBJC_ISA_USAGE = YES_ERROR;
				CLANG_WARN_EMPTY_BODY = YES;
				CLANG_WARN_ENUM_CONVERSION = YES;
				CLANG_WARN_INT_CONVERSION = YES;
				CLANG_WARN_OBJC_ROOT_CLASS = YES_ERROR;
				CLANG_WARN_UNREACHABLE_CODE = YES;
				CLANG_WARN__DUPLICATE_METHOD_MATCH = YES;
				"CODE_SIGN_IDENTITY[sdk=iphoneos*]" = "iPhone Developer";
				COPY_PHASE_STRIP = NO;
				ENABLE_STRICT_OBJC_MSGSEND = YES;
				GCC_C_LANGUAGE_STANDARD = gnu99;
				GCC_DYNAMIC_NO_PIC = NO;
				GCC_OPTIMIZATION_LEVEL = 0;
				GCC_PREPROCESSOR_DEFINITIONS = (
					"DEBUG=1",
					"$(inherited)",
				);
				GCC_SYMBOLS_PRIVATE_EXTERN = NO;
				GCC_WARN_64_TO_32_BIT_CONVERSION = YES;
				GCC_WARN_ABOUT_RETURN_TYPE = YES_ERROR;
				GCC_WARN_UNDECLARED_SELECTOR = YES;
				GCC_WARN_UNINITIALIZED_AUTOS = YES_AGGRESSIVE;
				GCC_WARN_UNUSED_FUNCTION = YES;
				GCC_WARN_UNUSED_VARIABLE = YES;
				IPHONEOS_DEPLOYMENT_TARGET = 8.0;
				MTL_ENABLE_DEBUG_INFO = YES;
				ONLY_ACTIVE_ARCH = YES;
				SDKROOT = iphoneos;
				SWIFT_OPTIMIZATION_LEVEL = "-Onone";
			};
			name = Debug;
		};
		1DA9FFE419C78F86002046B5 /* Release */ = {
			isa = XCBuildConfiguration;
			buildSettings = {
				ALWAYS_SEARCH_USER_PATHS = NO;
				CLANG_CXX_LANGUAGE_STANDARD = "gnu++0x";
				CLANG_CXX_LIBRARY = "libc++";
				CLANG_ENABLE_MODULES = YES;
				CLANG_ENABLE_OBJC_ARC = YES;
				CLANG_WARN_BOOL_CONVERSION = YES;
				CLANG_WARN_CONSTANT_CONVERSION = YES;
				CLANG_WARN_DIRECT_OBJC_ISA_USAGE = YES_ERROR;
				CLANG_WARN_EMPTY_BODY = YES;
				CLANG_WARN_ENUM_CONVERSION = YES;
				CLANG_WARN_INT_CONVERSION = YES;
				CLANG_WARN_OBJC_ROOT_CLASS = YES_ERROR;
				CLANG_WARN_UNREACHABLE_CODE = YES;
				CLANG_WARN__DUPLICATE_METHOD_MATCH = YES;
				"CODE_SIGN_IDENTITY[sdk=iphoneos*]" = "iPhone Developer";
				COPY_PHASE_STRIP = YES;
				ENABLE_NS_ASSERTIONS = NO;
				ENABLE_STRICT_OBJC_MSGSEND = YES;
				GCC_C_LANGUAGE_STANDARD = gnu99;
				GCC_WARN_64_TO_32_BIT_CONVERSION = YES;
				GCC_WARN_ABOUT_RETURN_TYPE = YES_ERROR;
				GCC_WARN_UNDECLARED_SELECTOR = YES;
				GCC_WARN_UNINITIALIZED_AUTOS = YES_AGGRESSIVE;
				GCC_WARN_UNUSED_FUNCTION = YES;
				GCC_WARN_UNUSED_VARIABLE = YES;
				IPHONEOS_DEPLOYMENT_TARGET = 8.0;
				MTL_ENABLE_DEBUG_INFO = NO;
				SDKROOT = iphoneos;
				VALIDATE_PRODUCT = YES;
			};
			name = Release;
		};
		1DA9FFE619C78F86002046B5 /* Debug */ = {
			isa = XCBuildConfiguration;
			buildSettings = {
				ASSETCATALOG_COMPILER_APPICON_NAME = AppIcon;
				ASSETCATALOG_COMPILER_LAUNCHIMAGE_NAME = LaunchImage;
				INFOPLIST_FILE = Contacts/Info.plist;
				LD_RUNPATH_SEARCH_PATHS = "$(inherited) @executable_path/Frameworks";
				PRODUCT_NAME = "$(TARGET_NAME)";
			};
			name = Debug;
		};
		1DA9FFE719C78F86002046B5 /* Release */ = {
			isa = XCBuildConfiguration;
			buildSettings = {
				ASSETCATALOG_COMPILER_APPICON_NAME = AppIcon;
				ASSETCATALOG_COMPILER_LAUNCHIMAGE_NAME = LaunchImage;
				INFOPLIST_FILE = Contacts/Info.plist;
				LD_RUNPATH_SEARCH_PATHS = "$(inherited) @executable_path/Frameworks";
				PRODUCT_NAME = "$(TARGET_NAME)";
			};
			name = Release;
		};
		1DA9FFE919C78F86002046B5 /* Debug */ = {
			isa = XCBuildConfiguration;
			buildSettings = {
				BUNDLE_LOADER = "$(TEST_HOST)";
				FRAMEWORK_SEARCH_PATHS = (
					"$(SDKROOT)/Developer/Library/Frameworks",
					"$(inherited)",
				);
				GCC_PREPROCESSOR_DEFINITIONS = (
					"DEBUG=1",
					"$(inherited)",
				);
				INFOPLIST_FILE = ContactsTests/Info.plist;
				LD_RUNPATH_SEARCH_PATHS = "$(inherited) @executable_path/Frameworks @loader_path/Frameworks";
				PRODUCT_NAME = "$(TARGET_NAME)";
				TEST_HOST = "$(BUILT_PRODUCTS_DIR)/Contacts.app/Contacts";
			};
			name = Debug;
		};
		1DA9FFEA19C78F86002046B5 /* Release */ = {
			isa = XCBuildConfiguration;
			buildSettings = {
				BUNDLE_LOADER = "$(TEST_HOST)";
				FRAMEWORK_SEARCH_PATHS = (
					"$(SDKROOT)/Developer/Library/Frameworks",
					"$(inherited)",
				);
				INFOPLIST_FILE = ContactsTests/Info.plist;
				LD_RUNPATH_SEARCH_PATHS = "$(inherited) @executable_path/Frameworks @loader_path/Frameworks";
				PRODUCT_NAME = "$(TARGET_NAME)";
				TEST_HOST = "$(BUILT_PRODUCTS_DIR)/Contacts.app/Contacts";
			};
			name = Release;
		};
/* End XCBuildConfiguration section */

/* Begin XCConfigurationList section */
		1DA9FFC419C78F85002046B5 /* Build configuration list for PBXProject "Contacts" */ = {
			isa = XCConfigurationList;
			buildConfigurations = (
				1DA9FFE319C78F86002046B5 /* Debug */,
				1DA9FFE419C78F86002046B5 /* Release */,
			);
			defaultConfigurationIsVisible = 0;
			defaultConfigurationName = Release;
		};
		1DA9FFE519C78F86002046B5 /* Build configuration list for PBXNativeTarget "Contacts" */ = {
			isa = XCConfigurationList;
			buildConfigurations = (
				1DA9FFE619C78F86002046B5 /* Debug */,
				1DA9FFE719C78F86002046B5 /* Release */,
			);
			defaultConfigurationIsVisible = 0;
			defaultConfigurationName = Release;
		};
		1DA9FFE819C78F86002046B5 /* Build configuration list for PBXNativeTarget "ContactsTests" */ = {
			isa = XCConfigurationList;
			buildConfigurations = (
				1DA9FFE919C78F86002046B5 /* Debug */,
				1DA9FFEA19C78F86002046B5 /* Release */,
			);
			defaultConfigurationIsVisible = 0;
			defaultConfigurationName = Release;
		};
/* End XCConfigurationList section */
	};
	rootObject = 1DA9FFC119C78F85002046B5 /* Project object */;
}
